// !$*UTF8*$!
{
	archiveVersion = 1;
	classes = {
	};
	objectVersion = 56;
	objects = {

/* Begin PBXBuildFile section */
		EB71FA482C5A4232004B6E85 /* RealityKitContent in Frameworks */ = {isa = PBXBuildFile; productRef = EB71FA472C5A4232004B6E85 /* RealityKitContent */; };
		EB71FA4A2C5A4232004B6E85 /* PlayMIDIApp.swift in Sources */ = {isa = PBXBuildFile; fileRef = EB71FA492C5A4232004B6E85 /* PlayMIDIApp.swift */; };
		EB71FA4C2C5A4232004B6E85 /* ContentView.swift in Sources */ = {isa = PBXBuildFile; fileRef = EB71FA4B2C5A4232004B6E85 /* ContentView.swift */; };
		EB71FA4E2C5A4232004B6E85 /* ImmersiveView.swift in Sources */ = {isa = PBXBuildFile; fileRef = EB71FA4D2C5A4232004B6E85 /* ImmersiveView.swift */; };
		EB71FA502C5A4233004B6E85 /* Assets.xcassets in Resources */ = {isa = PBXBuildFile; fileRef = EB71FA4F2C5A4233004B6E85 /* Assets.xcassets */; };
		EB71FA532C5A4233004B6E85 /* Preview Assets.xcassets in Resources */ = {isa = PBXBuildFile; fileRef = EB71FA522C5A4233004B6E85 /* Preview Assets.xcassets */; };
		EB71FA5B2C5A4249004B6E85 /* Play.swift in Sources */ = {isa = PBXBuildFile; fileRef = EB71FA5A2C5A4249004B6E85 /* Play.swift */; };
		EBD72B9B2C5CDB120076894F /* audio.mid in Resources */ = {isa = PBXBuildFile; fileRef = EBD72B992C5CDB120076894F /* audio.mid */; };
		EBD72BC82C5CF9940076894F /* soundfont.sf2 in Resources */ = {isa = PBXBuildFile; fileRef = EBD72BC72C5CF9940076894F /* soundfont.sf2 */; };
		EBD72BCA2C61FF8B0076894F /* MIDINotePlay.swift in Sources */ = {isa = PBXBuildFile; fileRef = EBD72BC92C61FF8B0076894F /* MIDINotePlay.swift */; };
		EBD72BCC2C6200FC0076894F /* MIDINoteData.swift in Sources */ = {isa = PBXBuildFile; fileRef = EBD72BCB2C6200FC0076894F /* MIDINoteData.swift */; };
/* End PBXBuildFile section */

/* Begin PBXFileReference section */
		EB71FA422C5A4232004B6E85 /* PlayMIDI.app */ = {isa = PBXFileReference; explicitFileType = wrapper.application; includeInIndex = 0; path = PlayMIDI.app; sourceTree = BUILT_PRODUCTS_DIR; };
		EB71FA462C5A4232004B6E85 /* RealityKitContent */ = {isa = PBXFileReference; lastKnownFileType = wrapper; path = RealityKitContent; sourceTree = "<group>"; };
		EB71FA492C5A4232004B6E85 /* PlayMIDIApp.swift */ = {isa = PBXFileReference; lastKnownFileType = sourcecode.swift; path = PlayMIDIApp.swift; sourceTree = "<group>"; };
		EB71FA4B2C5A4232004B6E85 /* ContentView.swift */ = {isa = PBXFileReference; lastKnownFileType = sourcecode.swift; path = ContentView.swift; sourceTree = "<group>"; };
		EB71FA4D2C5A4232004B6E85 /* ImmersiveView.swift */ = {isa = PBXFileReference; lastKnownFileType = sourcecode.swift; path = ImmersiveView.swift; sourceTree = "<group>"; };
		EB71FA4F2C5A4233004B6E85 /* Assets.xcassets */ = {isa = PBXFileReference; lastKnownFileType = folder.assetcatalog; path = Assets.xcassets; sourceTree = "<group>"; };
		EB71FA522C5A4233004B6E85 /* Preview Assets.xcassets */ = {isa = PBXFileReference; lastKnownFileType = folder.assetcatalog; path = "Preview Assets.xcassets"; sourceTree = "<group>"; };
		EB71FA542C5A4233004B6E85 /* Info.plist */ = {isa = PBXFileReference; lastKnownFileType = text.plist.xml; path = Info.plist; sourceTree = "<group>"; };
		EB71FA5A2C5A4249004B6E85 /* Play.swift */ = {isa = PBXFileReference; lastKnownFileType = sourcecode.swift; path = Play.swift; sourceTree = "<group>"; };
		EBD72B992C5CDB120076894F /* audio.mid */ = {isa = PBXFileReference; lastKnownFileType = audio.midi; path = audio.mid; sourceTree = SOURCE_ROOT; };
		EBD72BC72C5CF9940076894F /* soundfont.sf2 */ = {isa = PBXFileReference; lastKnownFileType = file; path = soundfont.sf2; sourceTree = SOURCE_ROOT; };
		EBD72BC92C61FF8B0076894F /* MIDINotePlay.swift */ = {isa = PBXFileReference; lastKnownFileType = sourcecode.swift; path = MIDINotePlay.swift; sourceTree = "<group>"; };
		EBD72BCB2C6200FC0076894F /* MIDINoteData.swift */ = {isa = PBXFileReference; lastKnownFileType = sourcecode.swift; path = MIDINoteData.swift; sourceTree = "<group>"; };
/* End PBXFileReference section */

/* Begin PBXFrameworksBuildPhase section */
		EB71FA3F2C5A4232004B6E85 /* Frameworks */ = {
			isa = PBXFrameworksBuildPhase;
			buildActionMask = 2147483647;
			files = (
				EB71FA482C5A4232004B6E85 /* RealityKitContent in Frameworks */,
			);
			runOnlyForDeploymentPostprocessing = 0;
		};
/* End PBXFrameworksBuildPhase section */

/* Begin PBXGroup section */
		EB71FA392C5A4232004B6E85 = {
			isa = PBXGroup;
			children = (
				EB71FA442C5A4232004B6E85 /* PlayMIDI */,
				EB71FA452C5A4232004B6E85 /* Packages */,
				EB71FA432C5A4232004B6E85 /* Products */,
			);
			sourceTree = "<group>";
		};
		EB71FA432C5A4232004B6E85 /* Products */ = {
			isa = PBXGroup;
			children = (
				EB71FA422C5A4232004B6E85 /* PlayMIDI.app */,
			);
			name = Products;
			sourceTree = "<group>";
		};
		EB71FA442C5A4232004B6E85 /* PlayMIDI */ = {
			isa = PBXGroup;
			children = (
				EBD72B992C5CDB120076894F /* audio.mid */,
				EBD72BC72C5CF9940076894F /* soundfont.sf2 */,
				EB71FA492C5A4232004B6E85 /* PlayMIDIApp.swift */,
				EB71FA4B2C5A4232004B6E85 /* ContentView.swift */,
				EB71FA5A2C5A4249004B6E85 /* Play.swift */,
				EBD72BCB2C6200FC0076894F /* MIDINoteData.swift */,
				EBD72BC92C61FF8B0076894F /* MIDINotePlay.swift */,
				EB71FA4D2C5A4232004B6E85 /* ImmersiveView.swift */,
				EB71FA4F2C5A4233004B6E85 /* Assets.xcassets */,
				EB71FA542C5A4233004B6E85 /* Info.plist */,
				EB71FA512C5A4233004B6E85 /* Preview Content */,
			);
			path = PlayMIDI;
			sourceTree = "<group>";
		};
		EB71FA452C5A4232004B6E85 /* Packages */ = {
			isa = PBXGroup;
			children = (
				EB71FA462C5A4232004B6E85 /* RealityKitContent */,
			);
			path = Packages;
			sourceTree = "<group>";
		};
		EB71FA512C5A4233004B6E85 /* Preview Content */ = {
			isa = PBXGroup;
			children = (
				EB71FA522C5A4233004B6E85 /* Preview Assets.xcassets */,
			);
			path = "Preview Content";
			sourceTree = "<group>";
		};
/* End PBXGroup section */

/* Begin PBXNativeTarget section */
		EB71FA412C5A4232004B6E85 /* PlayMIDI */ = {
			isa = PBXNativeTarget;
			buildConfigurationList = EB71FA572C5A4233004B6E85 /* Build configuration list for PBXNativeTarget "PlayMIDI" */;
			buildPhases = (
				EB71FA3E2C5A4232004B6E85 /* Sources */,
				EB71FA3F2C5A4232004B6E85 /* Frameworks */,
				EB71FA402C5A4232004B6E85 /* Resources */,
			);
			buildRules = (
			);
			dependencies = (
			);
			name = PlayMIDI;
			packageProductDependencies = (
				EB71FA472C5A4232004B6E85 /* RealityKitContent */,
			);
			productName = PlayMIDI;
			productReference = EB71FA422C5A4232004B6E85 /* PlayMIDI.app */;
			productType = "com.apple.product-type.application";
		};
/* End PBXNativeTarget section */

/* Begin PBXProject section */
		EB71FA3A2C5A4232004B6E85 /* Project object */ = {
			isa = PBXProject;
			attributes = {
				BuildIndependentTargetsInParallel = 1;
				LastSwiftUpdateCheck = 1540;
				LastUpgradeCheck = 1540;
				TargetAttributes = {
					EB71FA412C5A4232004B6E85 = {
						CreatedOnToolsVersion = 15.4;
					};
				};
			};
			buildConfigurationList = EB71FA3D2C5A4232004B6E85 /* Build configuration list for PBXProject "PlayMIDI" */;
			compatibilityVersion = "Xcode 14.0";
			developmentRegion = en;
			hasScannedForEncodings = 0;
			knownRegions = (
				en,
				Base,
			);
			mainGroup = EB71FA392C5A4232004B6E85;
			productRefGroup = EB71FA432C5A4232004B6E85 /* Products */;
			projectDirPath = "";
			projectRoot = "";
			targets = (
				EB71FA412C5A4232004B6E85 /* PlayMIDI */,
			);
		};
/* End PBXProject section */

/* Begin PBXResourcesBuildPhase section */
		EB71FA402C5A4232004B6E85 /* Resources */ = {
			isa = PBXResourcesBuildPhase;
			buildActionMask = 2147483647;
			files = (
				EB71FA532C5A4233004B6E85 /* Preview Assets.xcassets in Resources */,
				EBD72BC82C5CF9940076894F /* soundfont.sf2 in Resources */,
				EBD72B9B2C5CDB120076894F /* audio.mid in Resources */,
				EB71FA502C5A4233004B6E85 /* Assets.xcassets in Resources */,
			);
			runOnlyForDeploymentPostprocessing = 0;
		};
/* End PBXResourcesBuildPhase section */

/* Begin PBXSourcesBuildPhase section */
		EB71FA3E2C5A4232004B6E85 /* Sources */ = {
			isa = PBXSourcesBuildPhase;
			buildActionMask = 2147483647;
			files = (
				EB71FA4C2C5A4232004B6E85 /* ContentView.swift in Sources */,
				EBD72BCA2C61FF8B0076894F /* MIDINotePlay.swift in Sources */,
				EB71FA4A2C5A4232004B6E85 /* PlayMIDIApp.swift in Sources */,
				EBD72BCC2C6200FC0076894F /* MIDINoteData.swift in Sources */,
				EB71FA4E2C5A4232004B6E85 /* ImmersiveView.swift in Sources */,
				EB71FA5B2C5A4249004B6E85 /* Play.swift in Sources */,
			);
			runOnlyForDeploymentPostprocessing = 0;
		};
/* End PBXSourcesBuildPhase section */

/* Begin XCBuildConfiguration section */
		EB71FA552C5A4233004B6E85 /* Debug */ = {
			isa = XCBuildConfiguration;
			buildSettings = {
				ALWAYS_SEARCH_USER_PATHS = NO;
				ASSETCATALOG_COMPILER_GENERATE_SWIFT_ASSET_SYMBOL_EXTENSIONS = YES;
				CLANG_ANALYZER_NONNULL = YES;
				CLANG_ANALYZER_NUMBER_OBJECT_CONVERSION = YES_AGGRESSIVE;
				CLANG_CXX_LANGUAGE_STANDARD = "gnu++20";
				CLANG_ENABLE_MODULES = YES;
				CLANG_ENABLE_OBJC_ARC = YES;
				CLANG_ENABLE_OBJC_WEAK = YES;
				CLANG_WARN_BLOCK_CAPTURE_AUTORELEASING = YES;
				CLANG_WARN_BOOL_CONVERSION = YES;
				CLANG_WARN_COMMA = YES;
				CLANG_WARN_CONSTANT_CONVERSION = YES;
				CLANG_WARN_DEPRECATED_OBJC_IMPLEMENTATIONS = YES;
				CLANG_WARN_DIRECT_OBJC_ISA_USAGE = YES_ERROR;
				CLANG_WARN_DOCUMENTATION_COMMENTS = YES;
				CLANG_WARN_EMPTY_BODY = YES;
				CLANG_WARN_ENUM_CONVERSION = YES;
				CLANG_WARN_INFINITE_RECURSION = YES;
				CLANG_WARN_INT_CONVERSION = YES;
				CLANG_WARN_NON_LITERAL_NULL_CONVERSION = YES;
				CLANG_WARN_OBJC_IMPLICIT_RETAIN_SELF = YES;
				CLANG_WARN_OBJC_LITERAL_CONVERSION = YES;
				CLANG_WARN_OBJC_ROOT_CLASS = YES_ERROR;
				CLANG_WARN_QUOTED_INCLUDE_IN_FRAMEWORK_HEADER = YES;
				CLANG_WARN_RANGE_LOOP_ANALYSIS = YES;
				CLANG_WARN_STRICT_PROTOTYPES = YES;
				CLANG_WARN_SUSPICIOUS_MOVE = YES;
				CLANG_WARN_UNGUARDED_AVAILABILITY = YES_AGGRESSIVE;
				CLANG_WARN_UNREACHABLE_CODE = YES;
				CLANG_WARN__DUPLICATE_METHOD_MATCH = YES;
				COPY_PHASE_STRIP = NO;
				DEBUG_INFORMATION_FORMAT = dwarf;
				ENABLE_STRICT_OBJC_MSGSEND = YES;
				ENABLE_TESTABILITY = YES;
				ENABLE_USER_SCRIPT_SANDBOXING = YES;
				GCC_C_LANGUAGE_STANDARD = gnu17;
				GCC_DYNAMIC_NO_PIC = NO;
				GCC_NO_COMMON_BLOCKS = YES;
				GCC_OPTIMIZATION_LEVEL = 0;
				GCC_PREPROCESSOR_DEFINITIONS = (
					"DEBUG=1",
					"$(inherited)",
				);
				GCC_WARN_64_TO_32_BIT_CONVERSION = YES;
				GCC_WARN_ABOUT_RETURN_TYPE = YES_ERROR;
				GCC_WARN_UNDECLARED_SELECTOR = YES;
				GCC_WARN_UNINITIALIZED_AUTOS = YES_AGGRESSIVE;
				GCC_WARN_UNUSED_FUNCTION = YES;
				GCC_WARN_UNUSED_VARIABLE = YES;
				LOCALIZATION_PREFERS_STRING_CATALOGS = YES;
				MTL_ENABLE_DEBUG_INFO = INCLUDE_SOURCE;
				MTL_FAST_MATH = YES;
				ONLY_ACTIVE_ARCH = YES;
				SDKROOT = xros;
				SWIFT_ACTIVE_COMPILATION_CONDITIONS = "DEBUG $(inherited)";
				SWIFT_OPTIMIZATION_LEVEL = "-Onone";
				XROS_DEPLOYMENT_TARGET = 1.2;
			};
			name = Debug;
		};
		EB71FA562C5A4233004B6E85 /* Release */ = {
			isa = XCBuildConfiguration;
			buildSettings = {
				ALWAYS_SEARCH_USER_PATHS = NO;
				ASSETCATALOG_COMPILER_GENERATE_SWIFT_ASSET_SYMBOL_EXTENSIONS = YES;
				CLANG_ANALYZER_NONNULL = YES;
				CLANG_ANALYZER_NUMBER_OBJECT_CONVERSION = YES_AGGRESSIVE;
				CLANG_CXX_LANGUAGE_STANDARD = "gnu++20";
				CLANG_ENABLE_MODULES = YES;
				CLANG_ENABLE_OBJC_ARC = YES;
				CLANG_ENABLE_OBJC_WEAK = YES;
				CLANG_WARN_BLOCK_CAPTURE_AUTORELEASING = YES;
				CLANG_WARN_BOOL_CONVERSION = YES;
				CLANG_WARN_COMMA = YES;
				CLANG_WARN_CONSTANT_CONVERSION = YES;
				CLANG_WARN_DEPRECATED_OBJC_IMPLEMENTATIONS = YES;
				CLANG_WARN_DIRECT_OBJC_ISA_USAGE = YES_ERROR;
				CLANG_WARN_DOCUMENTATION_COMMENTS = YES;
				CLANG_WARN_EMPTY_BODY = YES;
				CLANG_WARN_ENUM_CONVERSION = YES;
				CLANG_WARN_INFINITE_RECURSION = YES;
				CLANG_WARN_INT_CONVERSION = YES;
				CLANG_WARN_NON_LITERAL_NULL_CONVERSION = YES;
				CLANG_WARN_OBJC_IMPLICIT_RETAIN_SELF = YES;
				CLANG_WARN_OBJC_LITERAL_CONVERSION = YES;
				CLANG_WARN_OBJC_ROOT_CLASS = YES_ERROR;
				CLANG_WARN_QUOTED_INCLUDE_IN_FRAMEWORK_HEADER = YES;
				CLANG_WARN_RANGE_LOOP_ANALYSIS = YES;
				CLANG_WARN_STRICT_PROTOTYPES = YES;
				CLANG_WARN_SUSPICIOUS_MOVE = YES;
				CLANG_WARN_UNGUARDED_AVAILABILITY = YES_AGGRESSIVE;
				CLANG_WARN_UNREACHABLE_CODE = YES;
				CLANG_WARN__DUPLICATE_METHOD_MATCH = YES;
				COPY_PHASE_STRIP = NO;
				DEBUG_INFORMATION_FORMAT = "dwarf-with-dsym";
				ENABLE_NS_ASSERTIONS = NO;
				ENABLE_STRICT_OBJC_MSGSEND = YES;
				ENABLE_USER_SCRIPT_SANDBOXING = YES;
				GCC_C_LANGUAGE_STANDARD = gnu17;
				GCC_NO_COMMON_BLOCKS = YES;
				GCC_WARN_64_TO_32_BIT_CONVERSION = YES;
				GCC_WARN_ABOUT_RETURN_TYPE = YES_ERROR;
				GCC_WARN_UNDECLARED_SELECTOR = YES;
				GCC_WARN_UNINITIALIZED_AUTOS = YES_AGGRESSIVE;
				GCC_WARN_UNUSED_FUNCTION = YES;
				GCC_WARN_UNUSED_VARIABLE = YES;
				LOCALIZATION_PREFERS_STRING_CATALOGS = YES;
				MTL_ENABLE_DEBUG_INFO = NO;
				MTL_FAST_MATH = YES;
				SDKROOT = xros;
				SWIFT_COMPILATION_MODE = wholemodule;
				VALIDATE_PRODUCT = YES;
				XROS_DEPLOYMENT_TARGET = 1.2;
			};
			name = Release;
		};
		EB71FA582C5A4233004B6E85 /* Debug */ = {
			isa = XCBuildConfiguration;
			buildSettings = {
				ASSETCATALOG_COMPILER_APPICON_NAME = AppIcon;
				ASSETCATALOG_COMPILER_GLOBAL_ACCENT_COLOR_NAME = AccentColor;
				CODE_SIGN_STYLE = Automatic;
				CURRENT_PROJECT_VERSION = 1;
				DEVELOPMENT_ASSET_PATHS = "\"PlayMIDI/Preview Content\"";
				DEVELOPMENT_TEAM = 5MSJZ52B7G;
				ENABLE_PREVIEWS = YES;
				GENERATE_INFOPLIST_FILE = YES;
				INFOPLIST_FILE = "$(TARGET_NAME)/Info.plist";
				LD_RUNPATH_SEARCH_PATHS = (
					"$(inherited)",
					"@executable_path/Frameworks",
				);
				MARKETING_VERSION = 1.0;
				PRODUCT_BUNDLE_IDENTIFIER = com.github.kanakanho.PlayMIDI;
				PRODUCT_NAME = "$(TARGET_NAME)";
				SUPPORTED_PLATFORMS = "xros xrsimulator";
				SUPPORTS_MACCATALYST = NO;
				SWIFT_EMIT_LOC_STRINGS = YES;
				SWIFT_VERSION = 5.0;
				TARGETED_DEVICE_FAMILY = 7;
			};
			name = Debug;
		};
		EB71FA592C5A4233004B6E85 /* Release */ = {
			isa = XCBuildConfiguration;
			buildSettings = {
				ASSETCATALOG_COMPILER_APPICON_NAME = AppIcon;
				ASSETCATALOG_COMPILER_GLOBAL_ACCENT_COLOR_NAME = AccentColor;
				CODE_SIGN_STYLE = Automatic;
				CURRENT_PROJECT_VERSION = 1;
				DEVELOPMENT_ASSET_PATHS = "\"PlayMIDI/Preview Content\"";
				DEVELOPMENT_TEAM = 5MSJZ52B7G;
				ENABLE_PREVIEWS = YES;
				GENERATE_INFOPLIST_FILE = YES;
				INFOPLIST_FILE = "$(TARGET_NAME)/Info.plist";
				LD_RUNPATH_SEARCH_PATHS = (
					"$(inherited)",
					"@executable_path/Frameworks",
				);
				MARKETING_VERSION = 1.0;
				PRODUCT_BUNDLE_IDENTIFIER = com.github.kanakanho.PlayMIDI;
				PRODUCT_NAME = "$(TARGET_NAME)";
				SUPPORTED_PLATFORMS = "xros xrsimulator";
				SUPPORTS_MACCATALYST = NO;
				SWIFT_EMIT_LOC_STRINGS = YES;
				SWIFT_VERSION = 5.0;
				TARGETED_DEVICE_FAMILY = 7;
			};
			name = Release;
		};
/* End XCBuildConfiguration section */

/* Begin XCConfigurationList section */
		EB71FA3D2C5A4232004B6E85 /* Build configuration list for PBXProject "PlayMIDI" */ = {
			isa = XCConfigurationList;
			buildConfigurations = (
				EB71FA552C5A4233004B6E85 /* Debug */,
				EB71FA562C5A4233004B6E85 /* Release */,
			);
			defaultConfigurationIsVisible = 0;
			defaultConfigurationName = Release;
		};
		EB71FA572C5A4233004B6E85 /* Build configuration list for PBXNativeTarget "PlayMIDI" */ = {
			isa = XCConfigurationList;
			buildConfigurations = (
				EB71FA582C5A4233004B6E85 /* Debug */,
				EB71FA592C5A4233004B6E85 /* Release */,
			);
			defaultConfigurationIsVisible = 0;
			defaultConfigurationName = Release;
		};
/* End XCConfigurationList section */

/* Begin XCSwiftPackageProductDependency section */
		EB71FA472C5A4232004B6E85 /* RealityKitContent */ = {
			isa = XCSwiftPackageProductDependency;
			productName = RealityKitContent;
		};
/* End XCSwiftPackageProductDependency section */
	};
	rootObject = EB71FA3A2C5A4232004B6E85 /* Project object */;
}
